<?xml version="1.0" encoding="utf-8"?>
<Project ToolsVersion="4.0" xmlns="http://schemas.microsoft.com/developer/msbuild/2003">
  <ItemGroup>
    <Filter Include="Source Files">
      <UniqueIdentifier>{4FC737F1-C7A5-4376-A066-2A32D752A2FF}</UniqueIdentifier>
      <Extensions>cpp;c;cc;cxx;def;odl;idl;hpj;bat;asm;asmx</Extensions>
    </Filter>
    <Filter Include="Header Files">
      <UniqueIdentifier>{93995380-89BD-4b04-88EB-625FBE52EBFB}</UniqueIdentifier>
      <Extensions>h;hh;hpp;hxx;hm;inl;inc;xsd</Extensions>
    </Filter>
    <Filter Include="Resource Files">
      <UniqueIdentifier>{67DA6AB6-F800-4c08-8B7A-83BB121AAD01}</UniqueIdentifier>
      <Extensions>rc;ico;cur;bmp;dlg;rc2;rct;bin;rgs;gif;jpg;jpeg;jpe;resx;tiff;tif;png;wav;mfcribbon-ms</Extensions>
    </Filter>
  </ItemGroup>
  <ItemGroup>
    <ClCompile Include="VulkanSystem.cpp">
      <Filter>Source Files</Filter>
    </ClCompile>
    <ClCompile Include="SPIRVShader.cpp">
      <Filter>Source Files</Filter>
    </ClCompile>
    <ClCompile Include="VulkanCommandUnit.cpp">
      <Filter>Source Files</Filter>
    </ClCompile>
    <ClCompile Include="VulkanRenderUnit.cpp">
      <Filter>Source Files</Filter>
    </ClCompile>
    <ClCompile Include="VulkanSwapChainUnit.cpp">
      <Filter>Source Files</Filter>
    </ClCompile>
    <ClCompile Include="Texture2D.cpp">
      <Filter>Source Files</Filter>
    </ClCompile>
    <ClCompile Include="Mesh.cpp">
      <Filter>Source Files</Filter>
    </ClCompile>
    <ClCompile Include="KojinRenderer.cpp">
      <Filter>Source Files</Filter>
    </ClCompile>
    <ClCompile Include="Material.cpp">
      <Filter>Source Files</Filter>
    </ClCompile>
    <ClCompile Include="VulkanImageUnit.cpp">
      <Filter>Source Files</Filter>
    </ClCompile>
    <ClCompile Include="main.cpp">
      <Filter>Source Files</Filter>
    </ClCompile>
    <ClCompile Include="VulkanSystemStructs.cpp">
      <Filter>Source Files</Filter>
    </ClCompile>
    <ClCompile Include="VkManagedBuffer.cpp">
      <Filter>Source Files</Filter>
    </ClCompile>
    <ClCompile Include="VkSwapChainBuffer.cpp">
      <Filter>Source Files</Filter>
    </ClCompile>
    <ClCompile Include="VkManagedImage.cpp">
      <Filter>Source Files</Filter>
    </ClCompile>
    <ClCompile Include="Light.cpp">
      <Filter>Source Files</Filter>
    </ClCompile>
    <ClCompile Include="Camera.cpp">
      <Filter>Source Files</Filter>
    </ClCompile>
    <ClCompile Include="VkManagedRenderPass.cpp">
      <Filter>Source Files</Filter>
    </ClCompile>
  </ItemGroup>
  <ItemGroup>
    <ClInclude Include="Texture2D.h">
      <Filter>Header Files</Filter>
    </ClInclude>
    <ClInclude Include="VulkanObject.h">
      <Filter>Header Files</Filter>
    </ClInclude>
    <ClInclude Include="VulkanSystem.h">
      <Filter>Header Files</Filter>
    </ClInclude>
    <ClInclude Include="SPIRVShader.h">
      <Filter>Header Files</Filter>
    </ClInclude>
    <ClInclude Include="VulkanCommandUnit.h">
      <Filter>Header Files</Filter>
    </ClInclude>
    <ClInclude Include="VulkanRenderUnit.h">
      <Filter>Header Files</Filter>
    </ClInclude>
    <ClInclude Include="VulkanSwapChainUnit.h">
      <Filter>Header Files</Filter>
    </ClInclude>
    <ClInclude Include="Mesh.h">
      <Filter>Header Files</Filter>
    </ClInclude>
    <ClInclude Include="VulkanSystemStructs.h">
      <Filter>Header Files</Filter>
    </ClInclude>
    <ClInclude Include="KojinRenderer.h">
      <Filter>Header Files</Filter>
    </ClInclude>
    <ClInclude Include="Allocation.h">
      <Filter>Header Files</Filter>
    </ClInclude>
    <ClInclude Include="Material.h">
      <Filter>Header Files</Filter>
    </ClInclude>
    <ClInclude Include="VulkanUtils.h">
      <Filter>Header Files</Filter>
    </ClInclude>
    <ClInclude Include="VulkanImageUnit.h">
      <Filter>Header Files</Filter>
    </ClInclude>
    <ClInclude Include="VulkanHash.h">
      <Filter>Header Files</Filter>
    </ClInclude>
    <ClInclude Include="VkManagedBuffer.h">
      <Filter>Header Files</Filter>
    </ClInclude>
    <ClInclude Include="VkSwapChainBuffer.h">
      <Filter>Header Files</Filter>
    </ClInclude>
    <ClInclude Include="VkManagedImage.h">
      <Filter>Header Files</Filter>
    </ClInclude>
    <ClInclude Include="Light.h">
      <Filter>Header Files</Filter>
    </ClInclude>
    <ClInclude Include="Camera.h">
      <Filter>Header Files</Filter>
    </ClInclude>
    <ClInclude Include="VKWorldSpace.h">
      <Filter>Header Files</Filter>
    </ClInclude>
    <ClInclude Include="VulkanSystemEnums.h">
      <Filter>Header Files</Filter>
    </ClInclude>
    <ClInclude Include="VkManagedRenderPass.h">
      <Filter>Header Files</Filter>
    </ClInclude>
  </ItemGroup>
</Project>